// !$*UTF8*$!
{
	archiveVersion = 1;
	classes = {
	};
	objectVersion = 55;
	objects = {

/* Begin PBXBuildFile section */
		92D401F728B284680053F2F0 /* AppDelegate.swift in Sources */ = {isa = PBXBuildFile; fileRef = 92D401F628B284680053F2F0 /* AppDelegate.swift */; };
		92D401F928B284680053F2F0 /* SceneDelegate.swift in Sources */ = {isa = PBXBuildFile; fileRef = 92D401F828B284680053F2F0 /* SceneDelegate.swift */; };
		92D401FB28B284680053F2F0 /* MainViewController.swift in Sources */ = {isa = PBXBuildFile; fileRef = 92D401FA28B284680053F2F0 /* MainViewController.swift */; };
		92D401FE28B284680053F2F0 /* Main.storyboard in Resources */ = {isa = PBXBuildFile; fileRef = 92D401FC28B284680053F2F0 /* Main.storyboard */; };
		92D4020028B284690053F2F0 /* Assets.xcassets in Resources */ = {isa = PBXBuildFile; fileRef = 92D401FF28B284690053F2F0 /* Assets.xcassets */; };
		92D4020328B284690053F2F0 /* LaunchScreen.storyboard in Resources */ = {isa = PBXBuildFile; fileRef = 92D4020128B284690053F2F0 /* LaunchScreen.storyboard */; };
		92D4021528B2854C0053F2F0 /* BaseViewController.swift in Sources */ = {isa = PBXBuildFile; fileRef = 92D4021428B2854C0053F2F0 /* BaseViewController.swift */; };
		92D4021C28B288350053F2F0 /* WritingViewController.swift in Sources */ = {isa = PBXBuildFile; fileRef = 92D4021B28B288350053F2F0 /* WritingViewController.swift */; };
		92D4022028B2889A0053F2F0 /* SnapKit in Frameworks */ = {isa = PBXBuildFile; productRef = 92D4021F28B2889A0053F2F0 /* SnapKit */; };
		92D4022328B288A60053F2F0 /* Then in Frameworks */ = {isa = PBXBuildFile; productRef = 92D4022228B288A60053F2F0 /* Then */; };
		92D4022628B288B40053F2F0 /* Alamofire in Frameworks */ = {isa = PBXBuildFile; productRef = 92D4022528B288B40053F2F0 /* Alamofire */; };
		92D4022928B288C20053F2F0 /* SwiftyJSON in Frameworks */ = {isa = PBXBuildFile; productRef = 92D4022828B288C20053F2F0 /* SwiftyJSON */; };
		92D4022C28B288D00053F2F0 /* Kingfisher in Frameworks */ = {isa = PBXBuildFile; productRef = 92D4022B28B288D00053F2F0 /* Kingfisher */; };
		92D4022E28B289980053F2F0 /* WritingView.swift in Sources */ = {isa = PBXBuildFile; fileRef = 92D4022D28B289980053F2F0 /* WritingView.swift */; };
		92D4023128B289CA0053F2F0 /* BaseView.swift in Sources */ = {isa = PBXBuildFile; fileRef = 92D4023028B289CA0053F2F0 /* BaseView.swift */; };
		92D4023428B28AC20053F2F0 /* DiaryTextField.swift in Sources */ = {isa = PBXBuildFile; fileRef = 92D4023328B28AC20053F2F0 /* DiaryTextField.swift */; };
		92D4023628B28B4D0053F2F0 /* UITextField+Extension.swift in Sources */ = {isa = PBXBuildFile; fileRef = 92D4023528B28B4D0053F2F0 /* UITextField+Extension.swift */; };
		92D4023828B28C320053F2F0 /* UIView+Extension.swift in Sources */ = {isa = PBXBuildFile; fileRef = 92D4023728B28C320053F2F0 /* UIView+Extension.swift */; };
		92D4024128B293490053F2F0 /* ImageSearchViewController.swift in Sources */ = {isa = PBXBuildFile; fileRef = 92D4024028B293490053F2F0 /* ImageSearchViewController.swift */; };
		92D4024328B2976A0053F2F0 /* ImageSearchView.swift in Sources */ = {isa = PBXBuildFile; fileRef = 92D4024228B2976A0053F2F0 /* ImageSearchView.swift */; };
		92D4024528B29A1F0053F2F0 /* ImageCollectionViewCell.swift in Sources */ = {isa = PBXBuildFile; fileRef = 92D4024428B29A1F0053F2F0 /* ImageCollectionViewCell.swift */; };
		92D4024828B29AFD0053F2F0 /* ReusableViewProtocol.swift in Sources */ = {isa = PBXBuildFile; fileRef = 92D4024728B29AFD0053F2F0 /* ReusableViewProtocol.swift */; };
		92D4024C28B29E2D0053F2F0 /* URL+Extension.swift in Sources */ = {isa = PBXBuildFile; fileRef = 92D4024B28B29E2D0053F2F0 /* URL+Extension.swift */; };
		92D4024E28B29E760053F2F0 /* HTTPStatus.swift in Sources */ = {isa = PBXBuildFile; fileRef = 92D4024D28B29E760053F2F0 /* HTTPStatus.swift */; };
		92D4025028B29E9F0053F2F0 /* EndPoint.swift in Sources */ = {isa = PBXBuildFile; fileRef = 92D4024F28B29E9F0053F2F0 /* EndPoint.swift */; };
		92D4025228B29F690053F2F0 /* .gitignore in Resources */ = {isa = PBXBuildFile; fileRef = 92D4025128B29F690053F2F0 /* .gitignore */; };
		92D4025428B29F7A0053F2F0 /* APIKey.swift in Sources */ = {isa = PBXBuildFile; fileRef = 92D4025328B29F7A0053F2F0 /* APIKey.swift */; };
		92D4025728B2A1010053F2F0 /* SearchAPIManager.swift in Sources */ = {isa = PBXBuildFile; fileRef = 92D4025628B2A1010053F2F0 /* SearchAPIManager.swift */; };
		92D4025D28B317670053F2F0 /* Realm in Frameworks */ = {isa = PBXBuildFile; productRef = 92D4025C28B317670053F2F0 /* Realm */; };
		92D4025F28B317670053F2F0 /* RealmSwift in Frameworks */ = {isa = PBXBuildFile; productRef = 92D4025E28B317670053F2F0 /* RealmSwift */; };
		92D4026228B31A0E0053F2F0 /* RealmModel.swift in Sources */ = {isa = PBXBuildFile; fileRef = 92D4026128B31A0E0053F2F0 /* RealmModel.swift */; };
/* End PBXBuildFile section */

/* Begin PBXFileReference section */
		92D401F328B284680053F2F0 /* Diary.app */ = {isa = PBXFileReference; explicitFileType = wrapper.application; includeInIndex = 0; path = Diary.app; sourceTree = BUILT_PRODUCTS_DIR; };
		92D401F628B284680053F2F0 /* AppDelegate.swift */ = {isa = PBXFileReference; lastKnownFileType = sourcecode.swift; path = AppDelegate.swift; sourceTree = "<group>"; };
		92D401F828B284680053F2F0 /* SceneDelegate.swift */ = {isa = PBXFileReference; lastKnownFileType = sourcecode.swift; path = SceneDelegate.swift; sourceTree = "<group>"; };
		92D401FA28B284680053F2F0 /* MainViewController.swift */ = {isa = PBXFileReference; lastKnownFileType = sourcecode.swift; path = MainViewController.swift; sourceTree = "<group>"; };
		92D401FD28B284680053F2F0 /* Base */ = {isa = PBXFileReference; lastKnownFileType = file.storyboard; name = Base; path = Base.lproj/Main.storyboard; sourceTree = "<group>"; };
		92D401FF28B284690053F2F0 /* Assets.xcassets */ = {isa = PBXFileReference; lastKnownFileType = folder.assetcatalog; path = Assets.xcassets; sourceTree = "<group>"; };
		92D4020228B284690053F2F0 /* Base */ = {isa = PBXFileReference; lastKnownFileType = file.storyboard; name = Base; path = Base.lproj/LaunchScreen.storyboard; sourceTree = "<group>"; };
		92D4020428B284690053F2F0 /* Info.plist */ = {isa = PBXFileReference; lastKnownFileType = text.plist.xml; path = Info.plist; sourceTree = "<group>"; };
		92D4021428B2854C0053F2F0 /* BaseViewController.swift */ = {isa = PBXFileReference; lastKnownFileType = sourcecode.swift; path = BaseViewController.swift; sourceTree = "<group>"; };
		92D4021B28B288350053F2F0 /* WritingViewController.swift */ = {isa = PBXFileReference; lastKnownFileType = sourcecode.swift; path = WritingViewController.swift; sourceTree = "<group>"; };
		92D4022D28B289980053F2F0 /* WritingView.swift */ = {isa = PBXFileReference; lastKnownFileType = sourcecode.swift; path = WritingView.swift; sourceTree = "<group>"; };
		92D4023028B289CA0053F2F0 /* BaseView.swift */ = {isa = PBXFileReference; lastKnownFileType = sourcecode.swift; path = BaseView.swift; sourceTree = "<group>"; };
		92D4023328B28AC20053F2F0 /* DiaryTextField.swift */ = {isa = PBXFileReference; lastKnownFileType = sourcecode.swift; path = DiaryTextField.swift; sourceTree = "<group>"; };
		92D4023528B28B4D0053F2F0 /* UITextField+Extension.swift */ = {isa = PBXFileReference; lastKnownFileType = sourcecode.swift; path = "UITextField+Extension.swift"; sourceTree = "<group>"; };
		92D4023728B28C320053F2F0 /* UIView+Extension.swift */ = {isa = PBXFileReference; lastKnownFileType = sourcecode.swift; path = "UIView+Extension.swift"; sourceTree = "<group>"; };
		92D4024028B293490053F2F0 /* ImageSearchViewController.swift */ = {isa = PBXFileReference; lastKnownFileType = sourcecode.swift; path = ImageSearchViewController.swift; sourceTree = "<group>"; };
		92D4024228B2976A0053F2F0 /* ImageSearchView.swift */ = {isa = PBXFileReference; lastKnownFileType = sourcecode.swift; path = ImageSearchView.swift; sourceTree = "<group>"; };
		92D4024428B29A1F0053F2F0 /* ImageCollectionViewCell.swift */ = {isa = PBXFileReference; lastKnownFileType = sourcecode.swift; path = ImageCollectionViewCell.swift; sourceTree = "<group>"; };
		92D4024728B29AFD0053F2F0 /* ReusableViewProtocol.swift */ = {isa = PBXFileReference; lastKnownFileType = sourcecode.swift; path = ReusableViewProtocol.swift; sourceTree = "<group>"; };
		92D4024B28B29E2D0053F2F0 /* URL+Extension.swift */ = {isa = PBXFileReference; lastKnownFileType = sourcecode.swift; path = "URL+Extension.swift"; sourceTree = "<group>"; };
		92D4024D28B29E760053F2F0 /* HTTPStatus.swift */ = {isa = PBXFileReference; lastKnownFileType = sourcecode.swift; path = HTTPStatus.swift; sourceTree = "<group>"; };
		92D4024F28B29E9F0053F2F0 /* EndPoint.swift */ = {isa = PBXFileReference; lastKnownFileType = sourcecode.swift; path = EndPoint.swift; sourceTree = "<group>"; };
		92D4025128B29F690053F2F0 /* .gitignore */ = {isa = PBXFileReference; lastKnownFileType = text; path = .gitignore; sourceTree = "<group>"; };
		92D4025328B29F7A0053F2F0 /* APIKey.swift */ = {isa = PBXFileReference; lastKnownFileType = sourcecode.swift; path = APIKey.swift; sourceTree = "<group>"; };
		92D4025628B2A1010053F2F0 /* SearchAPIManager.swift */ = {isa = PBXFileReference; lastKnownFileType = sourcecode.swift; path = SearchAPIManager.swift; sourceTree = "<group>"; };
		92D4026128B31A0E0053F2F0 /* RealmModel.swift */ = {isa = PBXFileReference; lastKnownFileType = sourcecode.swift; path = RealmModel.swift; sourceTree = "<group>"; };
/* End PBXFileReference section */

/* Begin PBXFrameworksBuildPhase section */
		92D401F028B284680053F2F0 /* Frameworks */ = {
			isa = PBXFrameworksBuildPhase;
			buildActionMask = 2147483647;
			files = (
				92D4025D28B317670053F2F0 /* Realm in Frameworks */,
				92D4022628B288B40053F2F0 /* Alamofire in Frameworks */,
				92D4025F28B317670053F2F0 /* RealmSwift in Frameworks */,
				92D4022028B2889A0053F2F0 /* SnapKit in Frameworks */,
				92D4022928B288C20053F2F0 /* SwiftyJSON in Frameworks */,
				92D4022328B288A60053F2F0 /* Then in Frameworks */,
				92D4022C28B288D00053F2F0 /* Kingfisher in Frameworks */,
			);
			runOnlyForDeploymentPostprocessing = 0;
		};
/* End PBXFrameworksBuildPhase section */

/* Begin PBXGroup section */
		92D401EA28B284680053F2F0 = {
			isa = PBXGroup;
			children = (
				92D4025128B29F690053F2F0 /* .gitignore */,
				92D401F528B284680053F2F0 /* Diary */,
				92D401F428B284680053F2F0 /* Products */,
			);
			sourceTree = "<group>";
		};
		92D401F428B284680053F2F0 /* Products */ = {
			isa = PBXGroup;
			children = (
				92D401F328B284680053F2F0 /* Diary.app */,
			);
			name = Products;
			sourceTree = "<group>";
		};
		92D401F528B284680053F2F0 /* Diary */ = {
			isa = PBXGroup;
			children = (
				92D4020D28B284A50053F2F0 /* Global */,
				92D4020C28B284A10053F2F0 /* Network */,
				92D4020B28B2849C0053F2F0 /* Screen */,
				92D4020A28B284930053F2F0 /* Resource */,
			);
			path = Diary;
			sourceTree = "<group>";
		};
		92D4020A28B284930053F2F0 /* Resource */ = {
			isa = PBXGroup;
			children = (
				92D4021128B284E80053F2F0 /* Asset */,
				92D4021028B284CD0053F2F0 /* Storyboard */,
				92D4020E28B284B50053F2F0 /* Support */,
			);
			path = Resource;
			sourceTree = "<group>";
		};
		92D4020B28B2849C0053F2F0 /* Screen */ = {
			isa = PBXGroup;
			children = (
				92D4023C28B2931E0053F2F0 /* ImageSearch */,
				92D4021728B288050053F2F0 /* Writing */,
				92D4020F28B284BF0053F2F0 /* Main */,
			);
			path = Screen;
			sourceTree = "<group>";
		};
		92D4020C28B284A10053F2F0 /* Network */ = {
			isa = PBXGroup;
			children = (
				92D4025528B2A0F30053F2F0 /* APIManager */,
				92D4021228B285160053F2F0 /* Base */,
			);
			path = Network;
			sourceTree = "<group>";
		};
		92D4020D28B284A50053F2F0 /* Global */ = {
			isa = PBXGroup;
			children = (
				92D4026028B319FB0053F2F0 /* Realm */,
				92D4024628B29AEE0053F2F0 /* Protocol */,
				92D4023228B28A8F0053F2F0 /* DesignSystem */,
				92D4021628B285AE0053F2F0 /* Extension */,
				92D4021328B2851B0053F2F0 /* Utility */,
			);
			path = Global;
			sourceTree = "<group>";
		};
		92D4020E28B284B50053F2F0 /* Support */ = {
			isa = PBXGroup;
			children = (
				92D4020428B284690053F2F0 /* Info.plist */,
				92D401F628B284680053F2F0 /* AppDelegate.swift */,
				92D401F828B284680053F2F0 /* SceneDelegate.swift */,
			);
			path = Support;
			sourceTree = "<group>";
		};
		92D4020F28B284BF0053F2F0 /* Main */ = {
			isa = PBXGroup;
			children = (
				92D401FC28B284680053F2F0 /* Main.storyboard */,
				92D401FA28B284680053F2F0 /* MainViewController.swift */,
			);
			path = Main;
			sourceTree = "<group>";
		};
		92D4021028B284CD0053F2F0 /* Storyboard */ = {
			isa = PBXGroup;
			children = (
				92D4020128B284690053F2F0 /* LaunchScreen.storyboard */,
			);
			path = Storyboard;
			sourceTree = "<group>";
		};
		92D4021128B284E80053F2F0 /* Asset */ = {
			isa = PBXGroup;
			children = (
				92D401FF28B284690053F2F0 /* Assets.xcassets */,
			);
			path = Asset;
			sourceTree = "<group>";
		};
		92D4021228B285160053F2F0 /* Base */ = {
			isa = PBXGroup;
			children = (
				92D4024D28B29E760053F2F0 /* HTTPStatus.swift */,
				92D4024F28B29E9F0053F2F0 /* EndPoint.swift */,
				92D4025328B29F7A0053F2F0 /* APIKey.swift */,
			);
			path = Base;
			sourceTree = "<group>";
		};
		92D4021328B2851B0053F2F0 /* Utility */ = {
			isa = PBXGroup;
			children = (
				92D4021428B2854C0053F2F0 /* BaseViewController.swift */,
				92D4023028B289CA0053F2F0 /* BaseView.swift */,
			);
			path = Utility;
			sourceTree = "<group>";
		};
		92D4021628B285AE0053F2F0 /* Extension */ = {
			isa = PBXGroup;
			children = (
				92D4023528B28B4D0053F2F0 /* UITextField+Extension.swift */,
				92D4023728B28C320053F2F0 /* UIView+Extension.swift */,
				92D4024B28B29E2D0053F2F0 /* URL+Extension.swift */,
			);
			path = Extension;
			sourceTree = "<group>";
		};
		92D4021728B288050053F2F0 /* Writing */ = {
			isa = PBXGroup;
			children = (
				92D4021A28B288210053F2F0 /* Model */,
				92D4021928B2881E0053F2F0 /* View */,
				92D4021828B288180053F2F0 /* Controller */,
			);
			path = Writing;
			sourceTree = "<group>";
		};
		92D4021828B288180053F2F0 /* Controller */ = {
			isa = PBXGroup;
			children = (
				92D4021B28B288350053F2F0 /* WritingViewController.swift */,
			);
			path = Controller;
			sourceTree = "<group>";
		};
		92D4021928B2881E0053F2F0 /* View */ = {
			isa = PBXGroup;
			children = (
				92D4022D28B289980053F2F0 /* WritingView.swift */,
			);
			path = View;
			sourceTree = "<group>";
		};
		92D4021A28B288210053F2F0 /* Model */ = {
			isa = PBXGroup;
			children = (
			);
			path = Model;
			sourceTree = "<group>";
		};
		92D4023228B28A8F0053F2F0 /* DesignSystem */ = {
			isa = PBXGroup;
			children = (
				92D4023328B28AC20053F2F0 /* DiaryTextField.swift */,
			);
			path = DesignSystem;
			sourceTree = "<group>";
		};
		92D4023C28B2931E0053F2F0 /* ImageSearch */ = {
			isa = PBXGroup;
			children = (
				92D4023F28B293330053F2F0 /* Model */,
				92D4023E28B293300053F2F0 /* View */,
				92D4023D28B293290053F2F0 /* Controller */,
			);
			path = ImageSearch;
			sourceTree = "<group>";
		};
		92D4023D28B293290053F2F0 /* Controller */ = {
			isa = PBXGroup;
			children = (
				92D4024028B293490053F2F0 /* ImageSearchViewController.swift */,
			);
			path = Controller;
			sourceTree = "<group>";
		};
		92D4023E28B293300053F2F0 /* View */ = {
			isa = PBXGroup;
			children = (
				92D4024228B2976A0053F2F0 /* ImageSearchView.swift */,
				92D4024428B29A1F0053F2F0 /* ImageCollectionViewCell.swift */,
			);
			path = View;
			sourceTree = "<group>";
		};
		92D4023F28B293330053F2F0 /* Model */ = {
			isa = PBXGroup;
			children = (
			);
			path = Model;
			sourceTree = "<group>";
		};
		92D4024628B29AEE0053F2F0 /* Protocol */ = {
			isa = PBXGroup;
			children = (
				92D4024728B29AFD0053F2F0 /* ReusableViewProtocol.swift */,
			);
			path = Protocol;
			sourceTree = "<group>";
		};
		92D4025528B2A0F30053F2F0 /* APIManager */ = {
			isa = PBXGroup;
			children = (
				92D4025828B2A1050053F2F0 /* Search */,
			);
			path = APIManager;
			sourceTree = "<group>";
		};
		92D4025828B2A1050053F2F0 /* Search */ = {
			isa = PBXGroup;
			children = (
				92D4025628B2A1010053F2F0 /* SearchAPIManager.swift */,
			);
			path = Search;
			sourceTree = "<group>";
		};
		92D4026028B319FB0053F2F0 /* Realm */ = {
			isa = PBXGroup;
			children = (
				92D4026128B31A0E0053F2F0 /* RealmModel.swift */,
			);
			path = Realm;
			sourceTree = "<group>";
		};
/* End PBXGroup section */

/* Begin PBXNativeTarget section */
		92D401F228B284680053F2F0 /* Diary */ = {
			isa = PBXNativeTarget;
			buildConfigurationList = 92D4020728B284690053F2F0 /* Build configuration list for PBXNativeTarget "Diary" */;
			buildPhases = (
				92D401EF28B284680053F2F0 /* Sources */,
				92D401F028B284680053F2F0 /* Frameworks */,
				92D401F128B284680053F2F0 /* Resources */,
			);
			buildRules = (
			);
			dependencies = (
			);
			name = Diary;
			packageProductDependencies = (
				92D4021F28B2889A0053F2F0 /* SnapKit */,
				92D4022228B288A60053F2F0 /* Then */,
				92D4022528B288B40053F2F0 /* Alamofire */,
				92D4022828B288C20053F2F0 /* SwiftyJSON */,
				92D4022B28B288D00053F2F0 /* Kingfisher */,
				92D4025C28B317670053F2F0 /* Realm */,
				92D4025E28B317670053F2F0 /* RealmSwift */,
			);
			productName = Diary;
			productReference = 92D401F328B284680053F2F0 /* Diary.app */;
			productType = "com.apple.product-type.application";
		};
/* End PBXNativeTarget section */

/* Begin PBXProject section */
		92D401EB28B284680053F2F0 /* Project object */ = {
			isa = PBXProject;
			attributes = {
				BuildIndependentTargetsInParallel = 1;
				LastSwiftUpdateCheck = 1340;
				LastUpgradeCheck = 1340;
				TargetAttributes = {
					92D401F228B284680053F2F0 = {
						CreatedOnToolsVersion = 13.4.1;
					};
				};
			};
			buildConfigurationList = 92D401EE28B284680053F2F0 /* Build configuration list for PBXProject "Diary" */;
			compatibilityVersion = "Xcode 13.0";
			developmentRegion = en;
			hasScannedForEncodings = 0;
			knownRegions = (
				en,
				Base,
			);
			mainGroup = 92D401EA28B284680053F2F0;
			packageReferences = (
				92D4021E28B2889A0053F2F0 /* XCRemoteSwiftPackageReference "SnapKit" */,
				92D4022128B288A60053F2F0 /* XCRemoteSwiftPackageReference "Then" */,
				92D4022428B288B40053F2F0 /* XCRemoteSwiftPackageReference "Alamofire" */,
				92D4022728B288C20053F2F0 /* XCRemoteSwiftPackageReference "SwiftyJSON" */,
				92D4022A28B288D00053F2F0 /* XCRemoteSwiftPackageReference "Kingfisher" */,
				92D4025B28B317670053F2F0 /* XCRemoteSwiftPackageReference "realm-swift" */,
			);
			productRefGroup = 92D401F428B284680053F2F0 /* Products */;
			projectDirPath = "";
			projectRoot = "";
			targets = (
				92D401F228B284680053F2F0 /* Diary */,
			);
		};
/* End PBXProject section */

/* Begin PBXResourcesBuildPhase section */
		92D401F128B284680053F2F0 /* Resources */ = {
			isa = PBXResourcesBuildPhase;
			buildActionMask = 2147483647;
			files = (
				92D4025228B29F690053F2F0 /* .gitignore in Resources */,
				92D4020328B284690053F2F0 /* LaunchScreen.storyboard in Resources */,
				92D4020028B284690053F2F0 /* Assets.xcassets in Resources */,
				92D401FE28B284680053F2F0 /* Main.storyboard in Resources */,
			);
			runOnlyForDeploymentPostprocessing = 0;
		};
/* End PBXResourcesBuildPhase section */

/* Begin PBXSourcesBuildPhase section */
		92D401EF28B284680053F2F0 /* Sources */ = {
			isa = PBXSourcesBuildPhase;
			buildActionMask = 2147483647;
			files = (
				92D4023628B28B4D0053F2F0 /* UITextField+Extension.swift in Sources */,
				92D4025728B2A1010053F2F0 /* SearchAPIManager.swift in Sources */,
				92D4021C28B288350053F2F0 /* WritingViewController.swift in Sources */,
				92D4024528B29A1F0053F2F0 /* ImageCollectionViewCell.swift in Sources */,
				92D4023428B28AC20053F2F0 /* DiaryTextField.swift in Sources */,
				92D401FB28B284680053F2F0 /* MainViewController.swift in Sources */,
				92D4025028B29E9F0053F2F0 /* EndPoint.swift in Sources */,
				92D4021528B2854C0053F2F0 /* BaseViewController.swift in Sources */,
				92D401F728B284680053F2F0 /* AppDelegate.swift in Sources */,
				92D4023128B289CA0053F2F0 /* BaseView.swift in Sources */,
				92D4024C28B29E2D0053F2F0 /* URL+Extension.swift in Sources */,
				92D4024128B293490053F2F0 /* ImageSearchViewController.swift in Sources */,
				92D4024328B2976A0053F2F0 /* ImageSearchView.swift in Sources */,
				92D4026228B31A0E0053F2F0 /* RealmModel.swift in Sources */,
				92D401F928B284680053F2F0 /* SceneDelegate.swift in Sources */,
				92D4024828B29AFD0053F2F0 /* ReusableViewProtocol.swift in Sources */,
				92D4023828B28C320053F2F0 /* UIView+Extension.swift in Sources */,
				92D4022E28B289980053F2F0 /* WritingView.swift in Sources */,
				92D4025428B29F7A0053F2F0 /* APIKey.swift in Sources */,
				92D4024E28B29E760053F2F0 /* HTTPStatus.swift in Sources */,
			);
			runOnlyForDeploymentPostprocessing = 0;
		};
/* End PBXSourcesBuildPhase section */

/* Begin PBXVariantGroup section */
		92D401FC28B284680053F2F0 /* Main.storyboard */ = {
			isa = PBXVariantGroup;
			children = (
				92D401FD28B284680053F2F0 /* Base */,
			);
			name = Main.storyboard;
			sourceTree = "<group>";
		};
		92D4020128B284690053F2F0 /* LaunchScreen.storyboard */ = {
			isa = PBXVariantGroup;
			children = (
				92D4020228B284690053F2F0 /* Base */,
			);
			name = LaunchScreen.storyboard;
			sourceTree = "<group>";
		};
/* End PBXVariantGroup section */

/* Begin XCBuildConfiguration section */
		92D4020528B284690053F2F0 /* Debug */ = {
			isa = XCBuildConfiguration;
			buildSettings = {
				ALWAYS_SEARCH_USER_PATHS = NO;
				CLANG_ANALYZER_NONNULL = YES;
				CLANG_ANALYZER_NUMBER_OBJECT_CONVERSION = YES_AGGRESSIVE;
				CLANG_CXX_LANGUAGE_STANDARD = "gnu++17";
				CLANG_ENABLE_MODULES = YES;
				CLANG_ENABLE_OBJC_ARC = YES;
				CLANG_ENABLE_OBJC_WEAK = YES;
				CLANG_WARN_BLOCK_CAPTURE_AUTORELEASING = YES;
				CLANG_WARN_BOOL_CONVERSION = YES;
				CLANG_WARN_COMMA = YES;
				CLANG_WARN_CONSTANT_CONVERSION = YES;
				CLANG_WARN_DEPRECATED_OBJC_IMPLEMENTATIONS = YES;
				CLANG_WARN_DIRECT_OBJC_ISA_USAGE = YES_ERROR;
				CLANG_WARN_DOCUMENTATION_COMMENTS = YES;
				CLANG_WARN_EMPTY_BODY = YES;
				CLANG_WARN_ENUM_CONVERSION = YES;
				CLANG_WARN_INFINITE_RECURSION = YES;
				CLANG_WARN_INT_CONVERSION = YES;
				CLANG_WARN_NON_LITERAL_NULL_CONVERSION = YES;
				CLANG_WARN_OBJC_IMPLICIT_RETAIN_SELF = YES;
				CLANG_WARN_OBJC_LITERAL_CONVERSION = YES;
				CLANG_WARN_OBJC_ROOT_CLASS = YES_ERROR;
				CLANG_WARN_QUOTED_INCLUDE_IN_FRAMEWORK_HEADER = YES;
				CLANG_WARN_RANGE_LOOP_ANALYSIS = YES;
				CLANG_WARN_STRICT_PROTOTYPES = YES;
				CLANG_WARN_SUSPICIOUS_MOVE = YES;
				CLANG_WARN_UNGUARDED_AVAILABILITY = YES_AGGRESSIVE;
				CLANG_WARN_UNREACHABLE_CODE = YES;
				CLANG_WARN__DUPLICATE_METHOD_MATCH = YES;
				COPY_PHASE_STRIP = NO;
				DEBUG_INFORMATION_FORMAT = dwarf;
				ENABLE_STRICT_OBJC_MSGSEND = YES;
				ENABLE_TESTABILITY = YES;
				GCC_C_LANGUAGE_STANDARD = gnu11;
				GCC_DYNAMIC_NO_PIC = NO;
				GCC_NO_COMMON_BLOCKS = YES;
				GCC_OPTIMIZATION_LEVEL = 0;
				GCC_PREPROCESSOR_DEFINITIONS = (
					"DEBUG=1",
					"$(inherited)",
				);
				GCC_WARN_64_TO_32_BIT_CONVERSION = YES;
				GCC_WARN_ABOUT_RETURN_TYPE = YES_ERROR;
				GCC_WARN_UNDECLARED_SELECTOR = YES;
				GCC_WARN_UNINITIALIZED_AUTOS = YES_AGGRESSIVE;
				GCC_WARN_UNUSED_FUNCTION = YES;
				GCC_WARN_UNUSED_VARIABLE = YES;
				IPHONEOS_DEPLOYMENT_TARGET = 15.5;
				MTL_ENABLE_DEBUG_INFO = INCLUDE_SOURCE;
				MTL_FAST_MATH = YES;
				ONLY_ACTIVE_ARCH = YES;
				SDKROOT = iphoneos;
				SWIFT_ACTIVE_COMPILATION_CONDITIONS = DEBUG;
				SWIFT_OPTIMIZATION_LEVEL = "-Onone";
			};
			name = Debug;
		};
		92D4020628B284690053F2F0 /* Release */ = {
			isa = XCBuildConfiguration;
			buildSettings = {
				ALWAYS_SEARCH_USER_PATHS = NO;
				CLANG_ANALYZER_NONNULL = YES;
				CLANG_ANALYZER_NUMBER_OBJECT_CONVERSION = YES_AGGRESSIVE;
				CLANG_CXX_LANGUAGE_STANDARD = "gnu++17";
				CLANG_ENABLE_MODULES = YES;
				CLANG_ENABLE_OBJC_ARC = YES;
				CLANG_ENABLE_OBJC_WEAK = YES;
				CLANG_WARN_BLOCK_CAPTURE_AUTORELEASING = YES;
				CLANG_WARN_BOOL_CONVERSION = YES;
				CLANG_WARN_COMMA = YES;
				CLANG_WARN_CONSTANT_CONVERSION = YES;
				CLANG_WARN_DEPRECATED_OBJC_IMPLEMENTATIONS = YES;
				CLANG_WARN_DIRECT_OBJC_ISA_USAGE = YES_ERROR;
				CLANG_WARN_DOCUMENTATION_COMMENTS = YES;
				CLANG_WARN_EMPTY_BODY = YES;
				CLANG_WARN_ENUM_CONVERSION = YES;
				CLANG_WARN_INFINITE_RECURSION = YES;
				CLANG_WARN_INT_CONVERSION = YES;
				CLANG_WARN_NON_LITERAL_NULL_CONVERSION = YES;
				CLANG_WARN_OBJC_IMPLICIT_RETAIN_SELF = YES;
				CLANG_WARN_OBJC_LITERAL_CONVERSION = YES;
				CLANG_WARN_OBJC_ROOT_CLASS = YES_ERROR;
				CLANG_WARN_QUOTED_INCLUDE_IN_FRAMEWORK_HEADER = YES;
				CLANG_WARN_RANGE_LOOP_ANALYSIS = YES;
				CLANG_WARN_STRICT_PROTOTYPES = YES;
				CLANG_WARN_SUSPICIOUS_MOVE = YES;
				CLANG_WARN_UNGUARDED_AVAILABILITY = YES_AGGRESSIVE;
				CLANG_WARN_UNREACHABLE_CODE = YES;
				CLANG_WARN__DUPLICATE_METHOD_MATCH = YES;
				COPY_PHASE_STRIP = NO;
				DEBUG_INFORMATION_FORMAT = "dwarf-with-dsym";
				ENABLE_NS_ASSERTIONS = NO;
				ENABLE_STRICT_OBJC_MSGSEND = YES;
				GCC_C_LANGUAGE_STANDARD = gnu11;
				GCC_NO_COMMON_BLOCKS = YES;
				GCC_WARN_64_TO_32_BIT_CONVERSION = YES;
				GCC_WARN_ABOUT_RETURN_TYPE = YES_ERROR;
				GCC_WARN_UNDECLARED_SELECTOR = YES;
				GCC_WARN_UNINITIALIZED_AUTOS = YES_AGGRESSIVE;
				GCC_WARN_UNUSED_FUNCTION = YES;
				GCC_WARN_UNUSED_VARIABLE = YES;
				IPHONEOS_DEPLOYMENT_TARGET = 15.5;
				MTL_ENABLE_DEBUG_INFO = NO;
				MTL_FAST_MATH = YES;
				SDKROOT = iphoneos;
				SWIFT_COMPILATION_MODE = wholemodule;
				SWIFT_OPTIMIZATION_LEVEL = "-O";
				VALIDATE_PRODUCT = YES;
			};
			name = Release;
		};
		92D4020828B284690053F2F0 /* Debug */ = {
			isa = XCBuildConfiguration;
			buildSettings = {
				ASSETCATALOG_COMPILER_APPICON_NAME = AppIcon;
				ASSETCATALOG_COMPILER_GLOBAL_ACCENT_COLOR_NAME = AccentColor;
				CODE_SIGN_STYLE = Automatic;
				CURRENT_PROJECT_VERSION = 1;
				DEVELOPMENT_TEAM = PU64TS56AD;
				GENERATE_INFOPLIST_FILE = YES;
				INFOPLIST_FILE = Diary/Resource/Support/Info.plist;
				INFOPLIST_KEY_UIApplicationSupportsIndirectInputEvents = YES;
				INFOPLIST_KEY_UILaunchStoryboardName = LaunchScreen;
				INFOPLIST_KEY_UIMainStoryboardFile = Main;
				INFOPLIST_KEY_UISupportedInterfaceOrientations_iPad = "UIInterfaceOrientationPortrait UIInterfaceOrientationPortraitUpsideDown UIInterfaceOrientationLandscapeLeft UIInterfaceOrientationLandscapeRight";
				INFOPLIST_KEY_UISupportedInterfaceOrientations_iPhone = "UIInterfaceOrientationPortrait UIInterfaceOrientationLandscapeLeft UIInterfaceOrientationLandscapeRight";
				LD_RUNPATH_SEARCH_PATHS = (
					"$(inherited)",
					"@executable_path/Frameworks",
				);
				MARKETING_VERSION = 1.0;
				PRODUCT_BUNDLE_IDENTIFIER = soyeon.Diary;
				PRODUCT_NAME = "$(TARGET_NAME)";
				SWIFT_EMIT_LOC_STRINGS = YES;
				SWIFT_VERSION = 5.0;
				TARGETED_DEVICE_FAMILY = "1,2";
			};
			name = Debug;
		};
		92D4020928B284690053F2F0 /* Release */ = {
			isa = XCBuildConfiguration;
			buildSettings = {
				ASSETCATALOG_COMPILER_APPICON_NAME = AppIcon;
				ASSETCATALOG_COMPILER_GLOBAL_ACCENT_COLOR_NAME = AccentColor;
				CODE_SIGN_STYLE = Automatic;
				CURRENT_PROJECT_VERSION = 1;
				DEVELOPMENT_TEAM = PU64TS56AD;
				GENERATE_INFOPLIST_FILE = YES;
				INFOPLIST_FILE = Diary/Resource/Support/Info.plist;
				INFOPLIST_KEY_UIApplicationSupportsIndirectInputEvents = YES;
				INFOPLIST_KEY_UILaunchStoryboardName = LaunchScreen;
				INFOPLIST_KEY_UIMainStoryboardFile = Main;
				INFOPLIST_KEY_UISupportedInterfaceOrientations_iPad = "UIInterfaceOrientationPortrait UIInterfaceOrientationPortraitUpsideDown UIInterfaceOrientationLandscapeLeft UIInterfaceOrientationLandscapeRight";
				INFOPLIST_KEY_UISupportedInterfaceOrientations_iPhone = "UIInterfaceOrientationPortrait UIInterfaceOrientationLandscapeLeft UIInterfaceOrientationLandscapeRight";
				LD_RUNPATH_SEARCH_PATHS = (
					"$(inherited)",
					"@executable_path/Frameworks",
				);
				MARKETING_VERSION = 1.0;
				PRODUCT_BUNDLE_IDENTIFIER = soyeon.Diary;
				PRODUCT_NAME = "$(TARGET_NAME)";
				SWIFT_EMIT_LOC_STRINGS = YES;
				SWIFT_VERSION = 5.0;
				TARGETED_DEVICE_FAMILY = "1,2";
			};
			name = Release;
		};
/* End XCBuildConfiguration section */

/* Begin XCConfigurationList section */
		92D401EE28B284680053F2F0 /* Build configuration list for PBXProject "Diary" */ = {
			isa = XCConfigurationList;
			buildConfigurations = (
				92D4020528B284690053F2F0 /* Debug */,
				92D4020628B284690053F2F0 /* Release */,
			);
			defaultConfigurationIsVisible = 0;
			defaultConfigurationName = Release;
		};
		92D4020728B284690053F2F0 /* Build configuration list for PBXNativeTarget "Diary" */ = {
			isa = XCConfigurationList;
			buildConfigurations = (
				92D4020828B284690053F2F0 /* Debug */,
				92D4020928B284690053F2F0 /* Release */,
			);
			defaultConfigurationIsVisible = 0;
			defaultConfigurationName = Release;
		};
/* End XCConfigurationList section */

/* Begin XCRemoteSwiftPackageReference section */
		92D4021E28B2889A0053F2F0 /* XCRemoteSwiftPackageReference "SnapKit" */ = {
			isa = XCRemoteSwiftPackageReference;
			repositoryURL = "https://github.com/SnapKit/SnapKit.git";
			requirement = {
				branch = develop;
				kind = branch;
			};
		};
		92D4022128B288A60053F2F0 /* XCRemoteSwiftPackageReference "Then" */ = {
			isa = XCRemoteSwiftPackageReference;
			repositoryURL = "https://github.com/devxoul/Then";
			requirement = {
				branch = master;
				kind = branch;
			};
		};
		92D4022428B288B40053F2F0 /* XCRemoteSwiftPackageReference "Alamofire" */ = {
			isa = XCRemoteSwiftPackageReference;
			repositoryURL = "https://github.com/Alamofire/Alamofire.git";
			requirement = {
				branch = master;
				kind = branch;
			};
		};
		92D4022728B288C20053F2F0 /* XCRemoteSwiftPackageReference "SwiftyJSON" */ = {
			isa = XCRemoteSwiftPackageReference;
			repositoryURL = "https://github.com/SwiftyJSON/SwiftyJSON";
			requirement = {
				kind = upToNextMajorVersion;
				minimumVersion = 5.0.0;
			};
		};
		92D4022A28B288D00053F2F0 /* XCRemoteSwiftPackageReference "Kingfisher" */ = {
			isa = XCRemoteSwiftPackageReference;
			repositoryURL = "https://github.com/onevcat/Kingfisher.git";
			requirement = {
				branch = master;
				kind = branch;
			};
		};
		92D4025B28B317670053F2F0 /* XCRemoteSwiftPackageReference "realm-swift" */ = {
			isa = XCRemoteSwiftPackageReference;
			repositoryURL = "https://github.com/realm/realm-swift.git";
			requirement = {
				kind = upToNextMajorVersion;
				minimumVersion = 10.0.0;
			};
		};
/* End XCRemoteSwiftPackageReference section */

/* Begin XCSwiftPackageProductDependency section */
		92D4021F28B2889A0053F2F0 /* SnapKit */ = {
			isa = XCSwiftPackageProductDependency;
			package = 92D4021E28B2889A0053F2F0 /* XCRemoteSwiftPackageReference "SnapKit" */;
			productName = SnapKit;
		};
		92D4022228B288A60053F2F0 /* Then */ = {
			isa = XCSwiftPackageProductDependency;
			package = 92D4022128B288A60053F2F0 /* XCRemoteSwiftPackageReference "Then" */;
			productName = Then;
		};
		92D4022528B288B40053F2F0 /* Alamofire */ = {
			isa = XCSwiftPackageProductDependency;
			package = 92D4022428B288B40053F2F0 /* XCRemoteSwiftPackageReference "Alamofire" */;
			productName = Alamofire;
		};
		92D4022828B288C20053F2F0 /* SwiftyJSON */ = {
			isa = XCSwiftPackageProductDependency;
			package = 92D4022728B288C20053F2F0 /* XCRemoteSwiftPackageReference "SwiftyJSON" */;
			productName = SwiftyJSON;
		};
		92D4022B28B288D00053F2F0 /* Kingfisher */ = {
			isa = XCSwiftPackageProductDependency;
			package = 92D4022A28B288D00053F2F0 /* XCRemoteSwiftPackageReference "Kingfisher" */;
			productName = Kingfisher;
		};
		92D4025C28B317670053F2F0 /* Realm */ = {
			isa = XCSwiftPackageProductDependency;
			package = 92D4025B28B317670053F2F0 /* XCRemoteSwiftPackageReference "realm-swift" */;
			productName = Realm;
		};
		92D4025E28B317670053F2F0 /* RealmSwift */ = {
			isa = XCSwiftPackageProductDependency;
			package = 92D4025B28B317670053F2F0 /* XCRemoteSwiftPackageReference "realm-swift" */;
			productName = RealmSwift;
		};
/* End XCSwiftPackageProductDependency section */
	};
	rootObject = 92D401EB28B284680053F2F0 /* Project object */;
}
